
Microsoft Visual Studio Solution File, Format Version 12.00
# Visual Studio Version 17
VisualStudioVersion = 17.3.32825.248
MinimumVisualStudioVersion = 10.0.40219.1
Project("{FAE04EC0-301F-11D3-BF4B-00C04F79EFBC}") = "MoneyManager", "MoneyManager\MoneyManager.csproj", "{18A181EA-2FFF-4B90-B6AF-CA0D86F0A988}"
EndProject
Project("{FAE04EC0-301F-11D3-BF4B-00C04F79EFBC}") = "BLL", "BLL\BLL.csproj", "{47011643-2F6A-4331-A5C8-556BF0E13BA9}"
EndProject
Project("{FAE04EC0-301F-11D3-BF4B-00C04F79EFBC}") = "DAL", "DAL\DAL.csproj", "{CF8DEA6A-3F6E-43CC-B97C-FB5F71DE857E}"
EndProject
Global
	GlobalSection(SolutionConfigurationPlatforms) = preSolution
		Debug|Any CPU = Debug|Any CPU
		Release|Any CPU = Release|Any CPU
	EndGlobalSection
	GlobalSection(ProjectConfigurationPlatforms) = postSolution
		{18A181EA-2FFF-4B90-B6AF-CA0D86F0A988}.Debug|Any CPU.ActiveCfg = Debug|Any CPU
		{18A181EA-2FFF-4B90-B6AF-CA0D86F0A988}.Debug|Any CPU.Build.0 = Debug|Any CPU
		{18A181EA-2FFF-4B90-B6AF-CA0D86F0A988}.Release|Any CPU.ActiveCfg = Release|Any CPU
		{18A181EA-2FFF-4B90-B6AF-CA0D86F0A988}.Release|Any CPU.Build.0 = Release|Any CPU
		{47011643-2F6A-4331-A5C8-556BF0E13BA9}.Debug|Any CPU.ActiveCfg = Debug|Any CPU
		{47011643-2F6A-4331-A5C8-556BF0E13BA9}.Debug|Any CPU.Build.0 = Debug|Any CPU
		{47011643-2F6A-4331-A5C8-556BF0E13BA9}.Release|Any CPU.ActiveCfg = Release|Any CPU
		{47011643-2F6A-4331-A5C8-556BF0E13BA9}.Release|Any CPU.Build.0 = Release|Any CPU
		{CF8DEA6A-3F6E-43CC-B97C-FB5F71DE857E}.Debug|Any CPU.ActiveCfg = Debug|Any CPU
		{CF8DEA6A-3F6E-43CC-B97C-FB5F71DE857E}.Debug|Any CPU.Build.0 = Debug|Any CPU
		{CF8DEA6A-3F6E-43CC-B97C-FB5F71DE857E}.Release|Any CPU.ActiveCfg = Release|Any CPU
		{CF8DEA6A-3F6E-43CC-B97C-FB5F71DE857E}.Release|Any CPU.Build.0 = Release|Any CPU
	EndGlobalSection
	GlobalSection(SolutionProperties) = preSolution
		HideSolutionNode = FALSE
	EndGlobalSection
	GlobalSection(ExtensibilityGlobals) = postSolution
		SolutionGuid = {2E50D875-85E1-4A62-B587-6BB3643FE2AE}
	EndGlobalSection
EndGlobal
